
Microsoft Visual Studio Solution File, Format Version 12.00
# Visual Studio Version 17
VisualStudioVersion = 17.2.32526.322
MinimumVisualStudioVersion = 10.0.40219.1
Project("{FAE04EC0-301F-11D3-BF4B-00C04F79EFBC}") = "WindowsFormsApp1", "WindowsFormsApp1\WindowsFormsApp1.csproj", "{610B2F47-831F-4B32-A1C7-8DF741657121}"
EndProject
Global
	GlobalSection(SolutionConfigurationPlatforms) = preSolution
		Debug|Any CPU = Debug|Any CPU
		Release|Any CPU = Release|Any CPU
	EndGlobalSection
	GlobalSection(ProjectConfigurationPlatforms) = postSolution
		{610B2F47-831F-4B32-A1C7-8DF741657121}.Debug|Any CPU.ActiveCfg = Debug|Any CPU
		{610B2F47-831F-4B32-A1C7-8DF741657121}.Debug|Any CPU.Build.0 = Debug|Any CPU
		{610B2F47-831F-4B32-A1C7-8DF741657121}.Release|Any CPU.ActiveCfg = Release|Any CPU
		{610B2F47-831F-4B32-A1C7-8DF741657121}.Release|Any CPU.Build.0 = Release|Any CPU
	EndGlobalSection
	GlobalSection(SolutionProperties) = preSolution
		HideSolutionNode = FALSE
	EndGlobalSection
	GlobalSection(ExtensibilityGlobals) = postSolution
		SolutionGuid = {690389DA-3198-4080-8DA5-9FE94BE69C89}
	EndGlobalSection
EndGlobal
